// !$*UTF8*$!
{
	archiveVersion = 1;
	classes = {
	};
	objectVersion = 46;
	objects = {

/* Begin PBXBuildFile section */
		431A724E1CEA2A2B008BA889 /* main.m in Sources */ = {isa = PBXBuildFile; fileRef = 431A724D1CEA2A2B008BA889 /* main.m */; };
		431A72511CEA2A2B008BA889 /* AppDelegate.m in Sources */ = {isa = PBXBuildFile; fileRef = 431A72501CEA2A2B008BA889 /* AppDelegate.m */; };
		431A72541CEA2A2B008BA889 /* ViewController.m in Sources */ = {isa = PBXBuildFile; fileRef = 431A72531CEA2A2B008BA889 /* ViewController.m */; };
		431A72571CEA2A2C008BA889 /* Main.storyboard in Resources */ = {isa = PBXBuildFile; fileRef = 431A72551CEA2A2C008BA889 /* Main.storyboard */; };
		431A72591CEA2A2C008BA889 /* Assets.xcassets in Resources */ = {isa = PBXBuildFile; fileRef = 431A72581CEA2A2C008BA889 /* Assets.xcassets */; };
		431A725C1CEA2A2C008BA889 /* LaunchScreen.storyboard in Resources */ = {isa = PBXBuildFile; fileRef = 431A725A1CEA2A2C008BA889 /* LaunchScreen.storyboard */; };
		431A72671CEA2A2C008BA889 /* MyScrollViewTests.m in Sources */ = {isa = PBXBuildFile; fileRef = 431A72661CEA2A2C008BA889 /* MyScrollViewTests.m */; };
		431A72721CEA2A2C008BA889 /* MyScrollViewUITests.m in Sources */ = {isa = PBXBuildFile; fileRef = 431A72711CEA2A2C008BA889 /* MyScrollViewUITests.m */; };
		431A72811CEA2E6D008BA889 /* MyScrollView.m in Sources */ = {isa = PBXBuildFile; fileRef = 431A72801CEA2E6D008BA889 /* MyScrollView.m */; };
/* End PBXBuildFile section */

/* Begin PBXContainerItemProxy section */
		431A72631CEA2A2C008BA889 /* PBXContainerItemProxy */ = {
			isa = PBXContainerItemProxy;
			containerPortal = 431A72411CEA2A2B008BA889 /* Project object */;
			proxyType = 1;
			remoteGlobalIDString = 431A72481CEA2A2B008BA889;
			remoteInfo = MyScrollView;
		};
		431A726E1CEA2A2C008BA889 /* PBXContainerItemProxy */ = {
			isa = PBXContainerItemProxy;
			containerPortal = 431A72411CEA2A2B008BA889 /* Project object */;
			proxyType = 1;
			remoteGlobalIDString = 431A72481CEA2A2B008BA889;
			remoteInfo = MyScrollView;
		};
/* End PBXContainerItemProxy section */

/* Begin PBXFileReference section */
		431A72491CEA2A2B008BA889 /* MyScrollView.app */ = {isa = PBXFileReference; explicitFileType = wrapper.application; includeInIndex = 0; path = MyScrollView.app; sourceTree = BUILT_PRODUCTS_DIR; };
		431A724D1CEA2A2B008BA889 /* main.m */ = {isa = PBXFileReference; lastKnownFileType = sourcecode.c.objc; path = main.m; sourceTree = "<group>"; };
		431A724F1CEA2A2B008BA889 /* AppDelegate.h */ = {isa = PBXFileReference; lastKnownFileType = sourcecode.c.h; path = AppDelegate.h; sourceTree = "<group>"; };
		431A72501CEA2A2B008BA889 /* AppDelegate.m */ = {isa = PBXFileReference; lastKnownFileType = sourcecode.c.objc; path = AppDelegate.m; sourceTree = "<group>"; };
		431A72521CEA2A2B008BA889 /* ViewController.h */ = {isa = PBXFileReference; lastKnownFileType = sourcecode.c.h; path = ViewController.h; sourceTree = "<group>"; };
		431A72531CEA2A2B008BA889 /* ViewController.m */ = {isa = PBXFileReference; lastKnownFileType = sourcecode.c.objc; path = ViewController.m; sourceTree = "<group>"; };
		431A72561CEA2A2C008BA889 /* Base */ = {isa = PBXFileReference; lastKnownFileType = file.storyboard; name = Base; path = Base.lproj/Main.storyboard; sourceTree = "<group>"; };
		431A72581CEA2A2C008BA889 /* Assets.xcassets */ = {isa = PBXFileReference; lastKnownFileType = folder.assetcatalog; path = Assets.xcassets; sourceTree = "<group>"; };
		431A725B1CEA2A2C008BA889 /* Base */ = {isa = PBXFileReference; lastKnownFileType = file.storyboard; name = Base; path = Base.lproj/LaunchScreen.storyboard; sourceTree = "<group>"; };
		431A725D1CEA2A2C008BA889 /* Info.plist */ = {isa = PBXFileReference; lastKnownFileType = text.plist.xml; path = Info.plist; sourceTree = "<group>"; };
		431A72621CEA2A2C008BA889 /* MyScrollViewTests.xctest */ = {isa = PBXFileReference; explicitFileType = wrapper.cfbundle; includeInIndex = 0; path = MyScrollViewTests.xctest; sourceTree = BUILT_PRODUCTS_DIR; };
		431A72661CEA2A2C008BA889 /* MyScrollViewTests.m */ = {isa = PBXFileReference; lastKnownFileType = sourcecode.c.objc; path = MyScrollViewTests.m; sourceTree = "<group>"; };
		431A72681CEA2A2C008BA889 /* Info.plist */ = {isa = PBXFileReference; lastKnownFileType = text.plist.xml; path = Info.plist; sourceTree = "<group>"; };
		431A726D1CEA2A2C008BA889 /* MyScrollViewUITests.xctest */ = {isa = PBXFileReference; explicitFileType = wrapper.cfbundle; includeInIndex = 0; path = MyScrollViewUITests.xctest; sourceTree = BUILT_PRODUCTS_DIR; };
		431A72711CEA2A2C008BA889 /* MyScrollViewUITests.m */ = {isa = PBXFileReference; lastKnownFileType = sourcecode.c.objc; path = MyScrollViewUITests.m; sourceTree = "<group>"; };
		431A72731CEA2A2C008BA889 /* Info.plist */ = {isa = PBXFileReference; lastKnownFileType = text.plist.xml; path = Info.plist; sourceTree = "<group>"; };
		431A727F1CEA2E6D008BA889 /* MyScrollView.h */ = {isa = PBXFileReference; fileEncoding = 4; lastKnownFileType = sourcecode.c.h; path = MyScrollView.h; sourceTree = "<group>"; };
		431A72801CEA2E6D008BA889 /* MyScrollView.m */ = {isa = PBXFileReference; fileEncoding = 4; lastKnownFileType = sourcecode.c.objc; path = MyScrollView.m; sourceTree = "<group>"; };
/* End PBXFileReference section */

/* Begin PBXFrameworksBuildPhase section */
		431A72461CEA2A2B008BA889 /* Frameworks */ = {
			isa = PBXFrameworksBuildPhase;
			buildActionMask = 2147483647;
			files = (
			);
			runOnlyForDeploymentPostprocessing = 0;
		};
		431A725F1CEA2A2C008BA889 /* Frameworks */ = {
			isa = PBXFrameworksBuildPhase;
			buildActionMask = 2147483647;
			files = (
			);
			runOnlyForDeploymentPostprocessing = 0;
		};
		431A726A1CEA2A2C008BA889 /* Frameworks */ = {
			isa = PBXFrameworksBuildPhase;
			buildActionMask = 2147483647;
			files = (
			);
			runOnlyForDeploymentPostprocessing = 0;
		};
/* End PBXFrameworksBuildPhase section */

/* Begin PBXGroup section */
		431A72401CEA2A2B008BA889 = {
			isa = PBXGroup;
			children = (
				431A724B1CEA2A2B008BA889 /* MyScrollView */,
				431A72651CEA2A2C008BA889 /* MyScrollViewTests */,
				431A72701CEA2A2C008BA889 /* MyScrollViewUITests */,
				431A724A1CEA2A2B008BA889 /* Products */,
			);
			sourceTree = "<group>";
		};
		431A724A1CEA2A2B008BA889 /* Products */ = {
			isa = PBXGroup;
			children = (
				431A72491CEA2A2B008BA889 /* MyScrollView.app */,
				431A72621CEA2A2C008BA889 /* MyScrollViewTests.xctest */,
				431A726D1CEA2A2C008BA889 /* MyScrollViewUITests.xctest */,
			);
			name = Products;
			sourceTree = "<group>";
		};
		431A724B1CEA2A2B008BA889 /* MyScrollView */ = {
			isa = PBXGroup;
			children = (
				431A724F1CEA2A2B008BA889 /* AppDelegate.h */,
				431A72501CEA2A2B008BA889 /* AppDelegate.m */,
				431A72521CEA2A2B008BA889 /* ViewController.h */,
				431A72531CEA2A2B008BA889 /* ViewController.m */,
				431A727F1CEA2E6D008BA889 /* MyScrollView.h */,
				431A72801CEA2E6D008BA889 /* MyScrollView.m */,
				431A72551CEA2A2C008BA889 /* Main.storyboard */,
				431A72581CEA2A2C008BA889 /* Assets.xcassets */,
				431A725A1CEA2A2C008BA889 /* LaunchScreen.storyboard */,
				431A725D1CEA2A2C008BA889 /* Info.plist */,
				431A724C1CEA2A2B008BA889 /* Supporting Files */,
			);
			path = MyScrollView;
			sourceTree = "<group>";
		};
		431A724C1CEA2A2B008BA889 /* Supporting Files */ = {
			isa = PBXGroup;
			children = (
				431A724D1CEA2A2B008BA889 /* main.m */,
			);
			name = "Supporting Files";
			sourceTree = "<group>";
		};
		431A72651CEA2A2C008BA889 /* MyScrollViewTests */ = {
			isa = PBXGroup;
			children = (
				431A72661CEA2A2C008BA889 /* MyScrollViewTests.m */,
				431A72681CEA2A2C008BA889 /* Info.plist */,
			);
			path = MyScrollViewTests;
			sourceTree = "<group>";
		};
		431A72701CEA2A2C008BA889 /* MyScrollViewUITests */ = {
			isa = PBXGroup;
			children = (
				431A72711CEA2A2C008BA889 /* MyScrollViewUITests.m */,
				431A72731CEA2A2C008BA889 /* Info.plist */,
			);
			path = MyScrollViewUITests;
			sourceTree = "<group>";
		};
/* End PBXGroup section */

/* Begin PBXNativeTarget section */
		431A72481CEA2A2B008BA889 /* MyScrollView */ = {
			isa = PBXNativeTarget;
			buildConfigurationList = 431A72761CEA2A2C008BA889 /* Build configuration list for PBXNativeTarget "MyScrollView" */;
			buildPhases = (
				431A72451CEA2A2B008BA889 /* Sources */,
				431A72461CEA2A2B008BA889 /* Frameworks */,
				431A72471CEA2A2B008BA889 /* Resources */,
			);
			buildRules = (
			);
			dependencies = (
			);
			name = MyScrollView;
			productName = MyScrollView;
			productReference = 431A72491CEA2A2B008BA889 /* MyScrollView.app */;
			productType = "com.apple.product-type.application";
		};
		431A72611CEA2A2C008BA889 /* MyScrollViewTests */ = {
			isa = PBXNativeTarget;
			buildConfigurationList = 431A72791CEA2A2C008BA889 /* Build configuration list for PBXNativeTarget "MyScrollViewTests" */;
			buildPhases = (
				431A725E1CEA2A2C008BA889 /* Sources */,
				431A725F1CEA2A2C008BA889 /* Frameworks */,
				431A72601CEA2A2C008BA889 /* Resources */,
			);
			buildRules = (
			);
			dependencies = (
				431A72641CEA2A2C008BA889 /* PBXTargetDependency */,
			);
			name = MyScrollViewTests;
			productName = MyScrollViewTests;
			productReference = 431A72621CEA2A2C008BA889 /* MyScrollViewTests.xctest */;
			productType = "com.apple.product-type.bundle.unit-test";
		};
		431A726C1CEA2A2C008BA889 /* MyScrollViewUITests */ = {
			isa = PBXNativeTarget;
			buildConfigurationList = 431A727C1CEA2A2C008BA889 /* Build configuration list for PBXNativeTarget "MyScrollViewUITests" */;
			buildPhases = (
				431A72691CEA2A2C008BA889 /* Sources */,
				431A726A1CEA2A2C008BA889 /* Frameworks */,
				431A726B1CEA2A2C008BA889 /* Resources */,
			);
			buildRules = (
			);
			dependencies = (
				431A726F1CEA2A2C008BA889 /* PBXTargetDependency */,
			);
			name = MyScrollViewUITests;
			productName = MyScrollViewUITests;
			productReference = 431A726D1CEA2A2C008BA889 /* MyScrollViewUITests.xctest */;
			productType = "com.apple.product-type.bundle.ui-testing";
		};
/* End PBXNativeTarget section */

/* Begin PBXProject section */
		431A72411CEA2A2B008BA889 /* Project object */ = {
			isa = PBXProject;
			attributes = {
				LastUpgradeCheck = 0730;
				ORGANIZATIONNAME = "Anthony Coelho";
				TargetAttributes = {
					431A72481CEA2A2B008BA889 = {
						CreatedOnToolsVersion = 7.3.1;
					};
					431A72611CEA2A2C008BA889 = {
						CreatedOnToolsVersion = 7.3.1;
						TestTargetID = 431A72481CEA2A2B008BA889;
					};
					431A726C1CEA2A2C008BA889 = {
						CreatedOnToolsVersion = 7.3.1;
						TestTargetID = 431A72481CEA2A2B008BA889;
					};
				};
			};
			buildConfigurationList = 431A72441CEA2A2B008BA889 /* Build configuration list for PBXProject "MyScrollView" */;
			compatibilityVersion = "Xcode 3.2";
			developmentRegion = English;
			hasScannedForEncodings = 0;
			knownRegions = (
				en,
				Base,
			);
			mainGroup = 431A72401CEA2A2B008BA889;
			productRefGroup = 431A724A1CEA2A2B008BA889 /* Products */;
			projectDirPath = "";
			projectRoot = "";
			targets = (
				431A72481CEA2A2B008BA889 /* MyScrollView */,
				431A72611CEA2A2C008BA889 /* MyScrollViewTests */,
				431A726C1CEA2A2C008BA889 /* MyScrollViewUITests */,
			);
		};
/* End PBXProject section */

/* Begin PBXResourcesBuildPhase section */
		431A72471CEA2A2B008BA889 /* Resources */ = {
			isa = PBXResourcesBuildPhase;
			buildActionMask = 2147483647;
			files = (
				431A725C1CEA2A2C008BA889 /* LaunchScreen.storyboard in Resources */,
				431A72591CEA2A2C008BA889 /* Assets.xcassets in Resources */,
				431A72571CEA2A2C008BA889 /* Main.storyboard in Resources */,
			);
			runOnlyForDeploymentPostprocessing = 0;
		};
		431A72601CEA2A2C008BA889 /* Resources */ = {
			isa = PBXResourcesBuildPhase;
			buildActionMask = 2147483647;
			files = (
			);
			runOnlyForDeploymentPostprocessing = 0;
		};
		431A726B1CEA2A2C008BA889 /* Resources */ = {
			isa = PBXResourcesBuildPhase;
			buildActionMask = 2147483647;
			files = (
			);
			runOnlyForDeploymentPostprocessing = 0;
		};
/* End PBXResourcesBuildPhase section */

/* Begin PBXSourcesBuildPhase section */
		431A72451CEA2A2B008BA889 /* Sources */ = {
			isa = PBXSourcesBuildPhase;
			buildActionMask = 2147483647;
			files = (
				431A72541CEA2A2B008BA889 /* ViewController.m in Sources */,
				431A72811CEA2E6D008BA889 /* MyScrollView.m in Sources */,
				431A72511CEA2A2B008BA889 /* AppDelegate.m in Sources */,
				431A724E1CEA2A2B008BA889 /* main.m in Sources */,
			);
			runOnlyForDeploymentPostprocessing = 0;
		};
		431A725E1CEA2A2C008BA889 /* Sources */ = {
			isa = PBXSourcesBuildPhase;
			buildActionMask = 2147483647;
			files = (
				431A72671CEA2A2C008BA889 /* MyScrollViewTests.m in Sources */,
			);
			runOnlyForDeploymentPostprocessing = 0;
		};
		431A72691CEA2A2C008BA889 /* Sources */ = {
			isa = PBXSourcesBuildPhase;
			buildActionMask = 2147483647;
			files = (
				431A72721CEA2A2C008BA889 /* MyScrollViewUITests.m in Sources */,
			);
			runOnlyForDeploymentPostprocessing = 0;
		};
/* End PBXSourcesBuildPhase section */

/* Begin PBXTargetDependency section */
		431A72641CEA2A2C008BA889 /* PBXTargetDependency */ = {
			isa = PBXTargetDependency;
			target = 431A72481CEA2A2B008BA889 /* MyScrollView */;
			targetProxy = 431A72631CEA2A2C008BA889 /* PBXContainerItemProxy */;
		};
		431A726F1CEA2A2C008BA889 /* PBXTargetDependency */ = {
			isa = PBXTargetDependency;
			target = 431A72481CEA2A2B008BA889 /* MyScrollView */;
			targetProxy = 431A726E1CEA2A2C008BA889 /* PBXContainerItemProxy */;
		};
/* End PBXTargetDependency section */

/* Begin PBXVariantGroup section */
		431A72551CEA2A2C008BA889 /* Main.storyboard */ = {
			isa = PBXVariantGroup;
			children = (
				431A72561CEA2A2C008BA889 /* Base */,
			);
			name = Main.storyboard;
			sourceTree = "<group>";
		};
		431A725A1CEA2A2C008BA889 /* LaunchScreen.storyboard */ = {
			isa = PBXVariantGroup;
			children = (
				431A725B1CEA2A2C008BA889 /* Base */,
			);
			name = LaunchScreen.storyboard;
			sourceTree = "<group>";
		};
/* End PBXVariantGroup section */

/* Begin XCBuildConfiguration section */
		431A72741CEA2A2C008BA889 /* Debug */ = {
			isa = XCBuildConfiguration;
			buildSettings = {
				ALWAYS_SEARCH_USER_PATHS = NO;
				CLANG_ANALYZER_NONNULL = YES;
				CLANG_CXX_LANGUAGE_STANDARD = "gnu++0x";
				CLANG_CXX_LIBRARY = "libc++";
				CLANG_ENABLE_MODULES = YES;
				CLANG_ENABLE_OBJC_ARC = YES;
				CLANG_WARN_BOOL_CONVERSION = YES;
				CLANG_WARN_CONSTANT_CONVERSION = YES;
				CLANG_WARN_DIRECT_OBJC_ISA_USAGE = YES_ERROR;
				CLANG_WARN_EMPTY_BODY = YES;
				CLANG_WARN_ENUM_CONVERSION = YES;
				CLANG_WARN_INT_CONVERSION = YES;
				CLANG_WARN_OBJC_ROOT_CLASS = YES_ERROR;
				CLANG_WARN_UNREACHABLE_CODE = YES;
				CLANG_WARN__DUPLICATE_METHOD_MATCH = YES;
				"CODE_SIGN_IDENTITY[sdk=iphoneos*]" = "iPhone Developer";
				COPY_PHASE_STRIP = NO;
				DEBUG_INFORMATION_FORMAT = dwarf;
				ENABLE_STRICT_OBJC_MSGSEND = YES;
				ENABLE_TESTABILITY = YES;
				GCC_C_LANGUAGE_STANDARD = gnu99;
				GCC_DYNAMIC_NO_PIC = NO;
				GCC_NO_COMMON_BLOCKS = YES;
				GCC_OPTIMIZATION_LEVEL = 0;
				GCC_PREPROCESSOR_DEFINITIONS = (
					"DEBUG=1",
					"$(inherited)",
				);
				GCC_WARN_64_TO_32_BIT_CONVERSION = YES;
				GCC_WARN_ABOUT_RETURN_TYPE = YES_ERROR;
				GCC_WARN_UNDECLARED_SELECTOR = YES;
				GCC_WARN_UNINITIALIZED_AUTOS = YES_AGGRESSIVE;
				GCC_WARN_UNUSED_FUNCTION = YES;
				GCC_WARN_UNUSED_VARIABLE = YES;
				IPHONEOS_DEPLOYMENT_TARGET = 9.3;
				MTL_ENABLE_DEBUG_INFO = YES;
				ONLY_ACTIVE_ARCH = YES;
				SDKROOT = iphoneos;
				TARGETED_DEVICE_FAMILY = "1,2";
			};
			name = Debug;
		};
		431A72751CEA2A2C008BA889 /* Release */ = {
			isa = XCBuildConfiguration;
			buildSettings = {
				ALWAYS_SEARCH_USER_PATHS = NO;
				CLANG_ANALYZER_NONNULL = YES;
				CLANG_CXX_LANGUAGE_STANDARD = "gnu++0x";
				CLANG_CXX_LIBRARY = "libc++";
				CLANG_ENABLE_MODULES = YES;
				CLANG_ENABLE_OBJC_ARC = YES;
				CLANG_WARN_BOOL_CONVERSION = YES;
				CLANG_WARN_CONSTANT_CONVERSION = YES;
				CLANG_WARN_DIRECT_OBJC_ISA_USAGE = YES_ERROR;
				CLANG_WARN_EMPTY_BODY = YES;
				CLANG_WARN_ENUM_CONVERSION = YES;
				CLANG_WARN_INT_CONVERSION = YES;
				CLANG_WARN_OBJC_ROOT_CLASS = YES_ERROR;
				CLANG_WARN_UNREACHABLE_CODE = YES;
				CLANG_WARN__DUPLICATE_METHOD_MATCH = YES;
				"CODE_SIGN_IDENTITY[sdk=iphoneos*]" = "iPhone Developer";
				COPY_PHASE_STRIP = NO;
				DEBUG_INFORMATION_FORMAT = "dwarf-with-dsym";
				ENABLE_NS_ASSERTIONS = NO;
				ENABLE_STRICT_OBJC_MSGSEND = YES;
				GCC_C_LANGUAGE_STANDARD = gnu99;
				GCC_NO_COMMON_BLOCKS = YES;
				GCC_WARN_64_TO_32_BIT_CONVERSION = YES;
				GCC_WARN_ABOUT_RETURN_TYPE = YES_ERROR;
				GCC_WARN_UNDECLARED_SELECTOR = YES;
				GCC_WARN_UNINITIALIZED_AUTOS = YES_AGGRESSIVE;
				GCC_WARN_UNUSED_FUNCTION = YES;
				GCC_WARN_UNUSED_VARIABLE = YES;
				IPHONEOS_DEPLOYMENT_TARGET = 9.3;
				MTL_ENABLE_DEBUG_INFO = NO;
				SDKROOT = iphoneos;
				TARGETED_DEVICE_FAMILY = "1,2";
				VALIDATE_PRODUCT = YES;
			};
			name = Release;
		};
		431A72771CEA2A2C008BA889 /* Debug */ = {
			isa = XCBuildConfiguration;
			buildSettings = {
				ASSETCATALOG_COMPILER_APPICON_NAME = AppIcon;
				INFOPLIST_FILE = MyScrollView/Info.plist;
				LD_RUNPATH_SEARCH_PATHS = "$(inherited) @executable_path/Frameworks";
				PRODUCT_BUNDLE_IDENTIFIER = Vectura.MyScrollView;
				PRODUCT_NAME = "$(TARGET_NAME)";
			};
			name = Debug;
		};
		431A72781CEA2A2C008BA889 /* Release */ = {
			isa = XCBuildConfiguration;
			buildSettings = {
				ASSETCATALOG_COMPILER_APPICON_NAME = AppIcon;
				INFOPLIST_FILE = MyScrollView/Info.plist;
				LD_RUNPATH_SEARCH_PATHS = "$(inherited) @executable_path/Frameworks";
				PRODUCT_BUNDLE_IDENTIFIER = Vectura.MyScrollView;
				PRODUCT_NAME = "$(TARGET_NAME)";
			};
			name = Release;
		};
		431A727A1CEA2A2C008BA889 /* Debug */ = {
			isa = XCBuildConfiguration;
			buildSettings = {
				BUNDLE_LOADER = "$(TEST_HOST)";
				INFOPLIST_FILE = MyScrollViewTests/Info.plist;
				LD_RUNPATH_SEARCH_PATHS = "$(inherited) @executable_path/Frameworks @loader_path/Frameworks";
				PRODUCT_BUNDLE_IDENTIFIER = Vectura.MyScrollViewTests;
				PRODUCT_NAME = "$(TARGET_NAME)";
				TEST_HOST = "$(BUILT_PRODUCTS_DIR)/MyScrollView.app/MyScrollView";
			};
			name = Debug;
		};
		431A727B1CEA2A2C008BA889 /* Release */ = {
			isa = XCBuildConfiguration;
			buildSettings = {
				BUNDLE_LOADER = "$(TEST_HOST)";
				INFOPLIST_FILE = MyScrollViewTests/Info.plist;
				LD_RUNPATH_SEARCH_PATHS = "$(inherited) @executable_path/Frameworks @loader_path/Frameworks";
				PRODUCT_BUNDLE_IDENTIFIER = Vectura.MyScrollViewTests;
				PRODUCT_NAME = "$(TARGET_NAME)";
				TEST_HOST = "$(BUILT_PRODUCTS_DIR)/MyScrollView.app/MyScrollView";
			};
			name = Release;
		};
		431A727D1CEA2A2C008BA889 /* Debug */ = {
			isa = XCBuildConfiguration;
			buildSettings = {
				INFOPLIST_FILE = MyScrollViewUITests/Info.plist;
				LD_RUNPATH_SEARCH_PATHS = "$(inherited) @executable_path/Frameworks @loader_path/Frameworks";
				PRODUCT_BUNDLE_IDENTIFIER = Vectura.MyScrollViewUITests;
				PRODUCT_NAME = "$(TARGET_NAME)";
				TEST_TARGET_NAME = MyScrollView;
			};
			name = Debug;
		};
		431A727E1CEA2A2C008BA889 /* Release */ = {
			isa = XCBuildConfiguration;
			buildSettings = {
				INFOPLIST_FILE = MyScrollViewUITests/Info.plist;
				LD_RUNPATH_SEARCH_PATHS = "$(inherited) @executable_path/Frameworks @loader_path/Frameworks";
				PRODUCT_BUNDLE_IDENTIFIER = Vectura.MyScrollViewUITests;
				PRODUCT_NAME = "$(TARGET_NAME)";
				TEST_TARGET_NAME = MyScrollView;
			};
			name = Release;
		};
/* End XCBuildConfiguration section */

/* Begin XCConfigurationList section */
		431A72441CEA2A2B008BA889 /* Build configuration list for PBXProject "MyScrollView" */ = {
			isa = XCConfigurationList;
			buildConfigurations = (
				431A72741CEA2A2C008BA889 /* Debug */,
				431A72751CEA2A2C008BA889 /* Release */,
			);
			defaultConfigurationIsVisible = 0;
			defaultConfigurationName = Release;
		};
		431A72761CEA2A2C008BA889 /* Build configuration list for PBXNativeTarget "MyScrollView" */ = {
			isa = XCConfigurationList;
			buildConfigurations = (
				431A72771CEA2A2C008BA889 /* Debug */,
				431A72781CEA2A2C008BA889 /* Release */,
			);
			defaultConfigurationIsVisible = 0;
		};
		431A72791CEA2A2C008BA889 /* Build configuration list for PBXNativeTarget "MyScrollViewTests" */ = {
			isa = XCConfigurationList;
			buildConfigurations = (
				431A727A1CEA2A2C008BA889 /* Debug */,
				431A727B1CEA2A2C008BA889 /* Release */,
			);
			defaultConfigurationIsVisible = 0;
		};
		431A727C1CEA2A2C008BA889 /* Build configuration list for PBXNativeTarget "MyScrollViewUITests" */ = {
			isa = XCConfigurationList;
			buildConfigurations = (
				431A727D1CEA2A2C008BA889 /* Debug */,
				431A727E1CEA2A2C008BA889 /* Release */,
			);
			defaultConfigurationIsVisible = 0;
		};
/* End XCConfigurationList section */
	};
	rootObject = 431A72411CEA2A2B008BA889 /* Project object */;
}
